
Microsoft Visual Studio Solution File, Format Version 12.00
Project("{FAE04EC0-301F-11D3-BF4B-00C04F79EFBC}") = "puzzle-01", "puzzle-01\puzzle-01.csproj", "{19F0C799-E90D-4CCF-9D3A-19450DFC2E9B}"
EndProject
Project("{FAE04EC0-301F-11D3-BF4B-00C04F79EFBC}") = "puzzle-01-tests", "puzzle-01-tests\puzzle-01-tests.csproj", "{B8F6CAE8-8343-43A2-8DB5-ECBD25445AC9}"
EndProject
Global
	GlobalSection(SolutionConfigurationPlatforms) = preSolution
		Debug|Any CPU = Debug|Any CPU
		Release|Any CPU = Release|Any CPU
	EndGlobalSection
	GlobalSection(ProjectConfigurationPlatforms) = postSolution
		{19F0C799-E90D-4CCF-9D3A-19450DFC2E9B}.Debug|Any CPU.ActiveCfg = Debug|Any CPU
		{19F0C799-E90D-4CCF-9D3A-19450DFC2E9B}.Debug|Any CPU.Build.0 = Debug|Any CPU
		{19F0C799-E90D-4CCF-9D3A-19450DFC2E9B}.Release|Any CPU.ActiveCfg = Release|Any CPU
		{19F0C799-E90D-4CCF-9D3A-19450DFC2E9B}.Release|Any CPU.Build.0 = Release|Any CPU
		{B8F6CAE8-8343-43A2-8DB5-ECBD25445AC9}.Debug|Any CPU.ActiveCfg = Debug|Any CPU
		{B8F6CAE8-8343-43A2-8DB5-ECBD25445AC9}.Debug|Any CPU.Build.0 = Debug|Any CPU
		{B8F6CAE8-8343-43A2-8DB5-ECBD25445AC9}.Release|Any CPU.ActiveCfg = Release|Any CPU
		{B8F6CAE8-8343-43A2-8DB5-ECBD25445AC9}.Release|Any CPU.Build.0 = Release|Any CPU
	EndGlobalSection
EndGlobal
